{
  "name": "vite-react-router",
  "version": "0.0.0",
  "lockfileVersion": 3,
  "requires": true,
  "homepage": "https://dambertalbano.github.io/vite-react-router/",
  "private": true,
  "type": "module",
  "packages": {},
  "devDependencies": {
    "@types/react": "^18.2.64",
    "@types/react-dom": "^18.2.21",
    "@vitejs/plugin-react": "^4.2.1",
    "eslint": "^8.57.0",
    "eslint-plugin-react": "^7.34.0",
    "eslint-plugin-react-hooks": "^4.6.0",
    "eslint-plugin-react-refresh": "^0.4.5",
    "react-router-dom": "^6.22.3",
    "vite": "^5.1.6"
  },
  "scripts": {
    "build": "vite build",
    "dev": "vite",
    "lint": "eslint . --ext js,jsx --report-unused-disable-directives --max-warnings 0",
    "preview": "vite preview"
  }
}
